
Microsoft Visual Studio Solution File, Format Version 12.00
# Visual Studio Version 17
VisualStudioVersion = 17.14.36127.28 d17.14
MinimumVisualStudioVersion = 10.0.40219.1
Project("{FAE04EC0-301F-11D3-BF4B-00C04F79EFBC}") = "Autos_Narla_Salvador_Urroz", "Autos_Narla_Salvador_Urroz\Autos_Narla_Salvador_Urroz.csproj", "{4541DA5C-FCCC-49DF-883B-A99DDFE44D75}"
EndProject
Global
	GlobalSection(SolutionConfigurationPlatforms) = preSolution
		Debug|Any CPU = Debug|Any CPU
		Release|Any CPU = Release|Any CPU
	EndGlobalSection
	GlobalSection(ProjectConfigurationPlatforms) = postSolution
		{4541DA5C-FCCC-49DF-883B-A99DDFE44D75}.Debug|Any CPU.ActiveCfg = Debug|Any CPU
		{4541DA5C-FCCC-49DF-883B-A99DDFE44D75}.Debug|Any CPU.Build.0 = Debug|Any CPU
		{4541DA5C-FCCC-49DF-883B-A99DDFE44D75}.Release|Any CPU.ActiveCfg = Release|Any CPU
		{4541DA5C-FCCC-49DF-883B-A99DDFE44D75}.Release|Any CPU.Build.0 = Release|Any CPU
	EndGlobalSection
	GlobalSection(SolutionProperties) = preSolution
		HideSolutionNode = FALSE
	EndGlobalSection
	GlobalSection(ExtensibilityGlobals) = postSolution
		SolutionGuid = {E5C0B1C0-1467-48F2-9A5E-F4ABF8B17543}
	EndGlobalSection
EndGlobal
